// !$*UTF8*$!
{
	archiveVersion = 1;
	classes = {
	};
	objectVersion = 50;
	objects = {

/* Begin PBXBuildFile section */
		0EAB9DBC23E9D33500B9010C /* AppDelegate.swift in Sources */ = {isa = PBXBuildFile; fileRef = 0EAB9DBB23E9D33500B9010C /* AppDelegate.swift */; };
		0EAB9DBE23E9D33500B9010C /* SceneDelegate.swift in Sources */ = {isa = PBXBuildFile; fileRef = 0EAB9DBD23E9D33500B9010C /* SceneDelegate.swift */; };
		0EAB9DC023E9D33500B9010C /* ViewController.swift in Sources */ = {isa = PBXBuildFile; fileRef = 0EAB9DBF23E9D33500B9010C /* ViewController.swift */; };
		0EAB9DC323E9D33500B9010C /* Main.storyboard in Resources */ = {isa = PBXBuildFile; fileRef = 0EAB9DC123E9D33500B9010C /* Main.storyboard */; };
		0EAB9DC523E9D33700B9010C /* Assets.xcassets in Resources */ = {isa = PBXBuildFile; fileRef = 0EAB9DC423E9D33700B9010C /* Assets.xcassets */; };
		0EAB9DC823E9D33700B9010C /* LaunchScreen.storyboard in Resources */ = {isa = PBXBuildFile; fileRef = 0EAB9DC623E9D33700B9010C /* LaunchScreen.storyboard */; };
		0EAB9DD323E9D33700B9010C /* Class_Feb_4Tests.swift in Sources */ = {isa = PBXBuildFile; fileRef = 0EAB9DD223E9D33700B9010C /* Class_Feb_4Tests.swift */; };
		0EAB9DDE23E9D33700B9010C /* Class_Feb_4UITests.swift in Sources */ = {isa = PBXBuildFile; fileRef = 0EAB9DDD23E9D33700B9010C /* Class_Feb_4UITests.swift */; };
/* End PBXBuildFile section */

/* Begin PBXContainerItemProxy section */
		0EAB9DCF23E9D33700B9010C /* PBXContainerItemProxy */ = {
			isa = PBXContainerItemProxy;
			containerPortal = 0EAB9DB023E9D33500B9010C /* Project object */;
			proxyType = 1;
			remoteGlobalIDString = 0EAB9DB723E9D33500B9010C;
			remoteInfo = "Class Feb 4";
		};
		0EAB9DDA23E9D33700B9010C /* PBXContainerItemProxy */ = {
			isa = PBXContainerItemProxy;
			containerPortal = 0EAB9DB023E9D33500B9010C /* Project object */;
			proxyType = 1;
			remoteGlobalIDString = 0EAB9DB723E9D33500B9010C;
			remoteInfo = "Class Feb 4";
		};
/* End PBXContainerItemProxy section */

/* Begin PBXFileReference section */
		0EAB9DB823E9D33500B9010C /* Class Feb 4.app */ = {isa = PBXFileReference; explicitFileType = wrapper.application; includeInIndex = 0; path = "Class Feb 4.app"; sourceTree = BUILT_PRODUCTS_DIR; };
		0EAB9DBB23E9D33500B9010C /* AppDelegate.swift */ = {isa = PBXFileReference; lastKnownFileType = sourcecode.swift; path = AppDelegate.swift; sourceTree = "<group>"; };
		0EAB9DBD23E9D33500B9010C /* SceneDelegate.swift */ = {isa = PBXFileReference; lastKnownFileType = sourcecode.swift; path = SceneDelegate.swift; sourceTree = "<group>"; };
		0EAB9DBF23E9D33500B9010C /* ViewController.swift */ = {isa = PBXFileReference; lastKnownFileType = sourcecode.swift; path = ViewController.swift; sourceTree = "<group>"; };
		0EAB9DC223E9D33500B9010C /* Base */ = {isa = PBXFileReference; lastKnownFileType = file.storyboard; name = Base; path = Base.lproj/Main.storyboard; sourceTree = "<group>"; };
		0EAB9DC423E9D33700B9010C /* Assets.xcassets */ = {isa = PBXFileReference; lastKnownFileType = folder.assetcatalog; path = Assets.xcassets; sourceTree = "<group>"; };
		0EAB9DC723E9D33700B9010C /* Base */ = {isa = PBXFileReference; lastKnownFileType = file.storyboard; name = Base; path = Base.lproj/LaunchScreen.storyboard; sourceTree = "<group>"; };
		0EAB9DC923E9D33700B9010C /* Info.plist */ = {isa = PBXFileReference; lastKnownFileType = text.plist.xml; path = Info.plist; sourceTree = "<group>"; };
		0EAB9DCE23E9D33700B9010C /* Class Feb 4Tests.xctest */ = {isa = PBXFileReference; explicitFileType = wrapper.cfbundle; includeInIndex = 0; path = "Class Feb 4Tests.xctest"; sourceTree = BUILT_PRODUCTS_DIR; };
		0EAB9DD223E9D33700B9010C /* Class_Feb_4Tests.swift */ = {isa = PBXFileReference; lastKnownFileType = sourcecode.swift; path = Class_Feb_4Tests.swift; sourceTree = "<group>"; };
		0EAB9DD423E9D33700B9010C /* Info.plist */ = {isa = PBXFileReference; lastKnownFileType = text.plist.xml; path = Info.plist; sourceTree = "<group>"; };
		0EAB9DD923E9D33700B9010C /* Class Feb 4UITests.xctest */ = {isa = PBXFileReference; explicitFileType = wrapper.cfbundle; includeInIndex = 0; path = "Class Feb 4UITests.xctest"; sourceTree = BUILT_PRODUCTS_DIR; };
		0EAB9DDD23E9D33700B9010C /* Class_Feb_4UITests.swift */ = {isa = PBXFileReference; lastKnownFileType = sourcecode.swift; path = Class_Feb_4UITests.swift; sourceTree = "<group>"; };
		0EAB9DDF23E9D33700B9010C /* Info.plist */ = {isa = PBXFileReference; lastKnownFileType = text.plist.xml; path = Info.plist; sourceTree = "<group>"; };
/* End PBXFileReference section */

/* Begin PBXFrameworksBuildPhase section */
		0EAB9DB523E9D33500B9010C /* Frameworks */ = {
			isa = PBXFrameworksBuildPhase;
			buildActionMask = 2147483647;
			files = (
			);
			runOnlyForDeploymentPostprocessing = 0;
		};
		0EAB9DCB23E9D33700B9010C /* Frameworks */ = {
			isa = PBXFrameworksBuildPhase;
			buildActionMask = 2147483647;
			files = (
			);
			runOnlyForDeploymentPostprocessing = 0;
		};
		0EAB9DD623E9D33700B9010C /* Frameworks */ = {
			isa = PBXFrameworksBuildPhase;
			buildActionMask = 2147483647;
			files = (
			);
			runOnlyForDeploymentPostprocessing = 0;
		};
/* End PBXFrameworksBuildPhase section */

/* Begin PBXGroup section */
		0EAB9DAF23E9D33500B9010C = {
			isa = PBXGroup;
			children = (
				0EAB9DBA23E9D33500B9010C /* Class Feb 4 */,
				0EAB9DD123E9D33700B9010C /* Class Feb 4Tests */,
				0EAB9DDC23E9D33700B9010C /* Class Feb 4UITests */,
				0EAB9DB923E9D33500B9010C /* Products */,
			);
			sourceTree = "<group>";
		};
		0EAB9DB923E9D33500B9010C /* Products */ = {
			isa = PBXGroup;
			children = (
				0EAB9DB823E9D33500B9010C /* Class Feb 4.app */,
				0EAB9DCE23E9D33700B9010C /* Class Feb 4Tests.xctest */,
				0EAB9DD923E9D33700B9010C /* Class Feb 4UITests.xctest */,
			);
			name = Products;
			sourceTree = "<group>";
		};
		0EAB9DBA23E9D33500B9010C /* Class Feb 4 */ = {
			isa = PBXGroup;
			children = (
				0EAB9DBB23E9D33500B9010C /* AppDelegate.swift */,
				0EAB9DBD23E9D33500B9010C /* SceneDelegate.swift */,
				0EAB9DBF23E9D33500B9010C /* ViewController.swift */,
				0EAB9DC123E9D33500B9010C /* Main.storyboard */,
				0EAB9DC423E9D33700B9010C /* Assets.xcassets */,
				0EAB9DC623E9D33700B9010C /* LaunchScreen.storyboard */,
				0EAB9DC923E9D33700B9010C /* Info.plist */,
			);
			path = "Class Feb 4";
			sourceTree = "<group>";
		};
		0EAB9DD123E9D33700B9010C /* Class Feb 4Tests */ = {
			isa = PBXGroup;
			children = (
				0EAB9DD223E9D33700B9010C /* Class_Feb_4Tests.swift */,
				0EAB9DD423E9D33700B9010C /* Info.plist */,
			);
			path = "Class Feb 4Tests";
			sourceTree = "<group>";
		};
		0EAB9DDC23E9D33700B9010C /* Class Feb 4UITests */ = {
			isa = PBXGroup;
			children = (
				0EAB9DDD23E9D33700B9010C /* Class_Feb_4UITests.swift */,
				0EAB9DDF23E9D33700B9010C /* Info.plist */,
			);
			path = "Class Feb 4UITests";
			sourceTree = "<group>";
		};
/* End PBXGroup section */

/* Begin PBXNativeTarget section */
		0EAB9DB723E9D33500B9010C /* Class Feb 4 */ = {
			isa = PBXNativeTarget;
			buildConfigurationList = 0EAB9DE223E9D33700B9010C /* Build configuration list for PBXNativeTarget "Class Feb 4" */;
			buildPhases = (
				0EAB9DB423E9D33500B9010C /* Sources */,
				0EAB9DB523E9D33500B9010C /* Frameworks */,
				0EAB9DB623E9D33500B9010C /* Resources */,
			);
			buildRules = (
			);
			dependencies = (
			);
			name = "Class Feb 4";
			productName = "Class Feb 4";
			productReference = 0EAB9DB823E9D33500B9010C /* Class Feb 4.app */;
			productType = "com.apple.product-type.application";
		};
		0EAB9DCD23E9D33700B9010C /* Class Feb 4Tests */ = {
			isa = PBXNativeTarget;
			buildConfigurationList = 0EAB9DE523E9D33700B9010C /* Build configuration list for PBXNativeTarget "Class Feb 4Tests" */;
			buildPhases = (
				0EAB9DCA23E9D33700B9010C /* Sources */,
				0EAB9DCB23E9D33700B9010C /* Frameworks */,
				0EAB9DCC23E9D33700B9010C /* Resources */,
			);
			buildRules = (
			);
			dependencies = (
				0EAB9DD023E9D33700B9010C /* PBXTargetDependency */,
			);
			name = "Class Feb 4Tests";
			productName = "Class Feb 4Tests";
			productReference = 0EAB9DCE23E9D33700B9010C /* Class Feb 4Tests.xctest */;
			productType = "com.apple.product-type.bundle.unit-test";
		};
		0EAB9DD823E9D33700B9010C /* Class Feb 4UITests */ = {
			isa = PBXNativeTarget;
			buildConfigurationList = 0EAB9DE823E9D33700B9010C /* Build configuration list for PBXNativeTarget "Class Feb 4UITests" */;
			buildPhases = (
				0EAB9DD523E9D33700B9010C /* Sources */,
				0EAB9DD623E9D33700B9010C /* Frameworks */,
				0EAB9DD723E9D33700B9010C /* Resources */,
			);
			buildRules = (
			);
			dependencies = (
				0EAB9DDB23E9D33700B9010C /* PBXTargetDependency */,
			);
			name = "Class Feb 4UITests";
			productName = "Class Feb 4UITests";
			productReference = 0EAB9DD923E9D33700B9010C /* Class Feb 4UITests.xctest */;
			productType = "com.apple.product-type.bundle.ui-testing";
		};
/* End PBXNativeTarget section */

/* Begin PBXProject section */
		0EAB9DB023E9D33500B9010C /* Project object */ = {
			isa = PBXProject;
			attributes = {
				LastSwiftUpdateCheck = 1130;
				LastUpgradeCheck = 1130;
				ORGANIZATIONNAME = "Obinna Ezekwesili";
				TargetAttributes = {
					0EAB9DB723E9D33500B9010C = {
						CreatedOnToolsVersion = 11.3.1;
					};
					0EAB9DCD23E9D33700B9010C = {
						CreatedOnToolsVersion = 11.3.1;
						TestTargetID = 0EAB9DB723E9D33500B9010C;
					};
					0EAB9DD823E9D33700B9010C = {
						CreatedOnToolsVersion = 11.3.1;
						TestTargetID = 0EAB9DB723E9D33500B9010C;
					};
				};
			};
			buildConfigurationList = 0EAB9DB323E9D33500B9010C /* Build configuration list for PBXProject "Class Feb 4" */;
			compatibilityVersion = "Xcode 9.3";
			developmentRegion = en;
			hasScannedForEncodings = 0;
			knownRegions = (
				en,
				Base,
			);
			mainGroup = 0EAB9DAF23E9D33500B9010C;
			productRefGroup = 0EAB9DB923E9D33500B9010C /* Products */;
			projectDirPath = "";
			projectRoot = "";
			targets = (
				0EAB9DB723E9D33500B9010C /* Class Feb 4 */,
				0EAB9DCD23E9D33700B9010C /* Class Feb 4Tests */,
				0EAB9DD823E9D33700B9010C /* Class Feb 4UITests */,
			);
		};
/* End PBXProject section */

/* Begin PBXResourcesBuildPhase section */
		0EAB9DB623E9D33500B9010C /* Resources */ = {
			isa = PBXResourcesBuildPhase;
			buildActionMask = 2147483647;
			files = (
				0EAB9DC823E9D33700B9010C /* LaunchScreen.storyboard in Resources */,
				0EAB9DC523E9D33700B9010C /* Assets.xcassets in Resources */,
				0EAB9DC323E9D33500B9010C /* Main.storyboard in Resources */,
			);
			runOnlyForDeploymentPostprocessing = 0;
		};
		0EAB9DCC23E9D33700B9010C /* Resources */ = {
			isa = PBXResourcesBuildPhase;
			buildActionMask = 2147483647;
			files = (
			);
			runOnlyForDeploymentPostprocessing = 0;
		};
		0EAB9DD723E9D33700B9010C /* Resources */ = {
			isa = PBXResourcesBuildPhase;
			buildActionMask = 2147483647;
			files = (
			);
			runOnlyForDeploymentPostprocessing = 0;
		};
/* End PBXResourcesBuildPhase section */

/* Begin PBXSourcesBuildPhase section */
		0EAB9DB423E9D33500B9010C /* Sources */ = {
			isa = PBXSourcesBuildPhase;
			buildActionMask = 2147483647;
			files = (
				0EAB9DC023E9D33500B9010C /* ViewController.swift in Sources */,
				0EAB9DBC23E9D33500B9010C /* AppDelegate.swift in Sources */,
				0EAB9DBE23E9D33500B9010C /* SceneDelegate.swift in Sources */,
			);
			runOnlyForDeploymentPostprocessing = 0;
		};
		0EAB9DCA23E9D33700B9010C /* Sources */ = {
			isa = PBXSourcesBuildPhase;
			buildActionMask = 2147483647;
			files = (
				0EAB9DD323E9D33700B9010C /* Class_Feb_4Tests.swift in Sources */,
			);
			runOnlyForDeploymentPostprocessing = 0;
		};
		0EAB9DD523E9D33700B9010C /* Sources */ = {
			isa = PBXSourcesBuildPhase;
			buildActionMask = 2147483647;
			files = (
				0EAB9DDE23E9D33700B9010C /* Class_Feb_4UITests.swift in Sources */,
			);
			runOnlyForDeploymentPostprocessing = 0;
		};
/* End PBXSourcesBuildPhase section */

/* Begin PBXTargetDependency section */
		0EAB9DD023E9D33700B9010C /* PBXTargetDependency */ = {
			isa = PBXTargetDependency;
			target = 0EAB9DB723E9D33500B9010C /* Class Feb 4 */;
			targetProxy = 0EAB9DCF23E9D33700B9010C /* PBXContainerItemProxy */;
		};
		0EAB9DDB23E9D33700B9010C /* PBXTargetDependency */ = {
			isa = PBXTargetDependency;
			target = 0EAB9DB723E9D33500B9010C /* Class Feb 4 */;
			targetProxy = 0EAB9DDA23E9D33700B9010C /* PBXContainerItemProxy */;
		};
/* End PBXTargetDependency section */

/* Begin PBXVariantGroup section */
		0EAB9DC123E9D33500B9010C /* Main.storyboard */ = {
			isa = PBXVariantGroup;
			children = (
				0EAB9DC223E9D33500B9010C /* Base */,
			);
			name = Main.storyboard;
			sourceTree = "<group>";
		};
		0EAB9DC623E9D33700B9010C /* LaunchScreen.storyboard */ = {
			isa = PBXVariantGroup;
			children = (
				0EAB9DC723E9D33700B9010C /* Base */,
			);
			name = LaunchScreen.storyboard;
			sourceTree = "<group>";
		};
/* End PBXVariantGroup section */

/* Begin XCBuildConfiguration section */
		0EAB9DE023E9D33700B9010C /* Debug */ = {
			isa = XCBuildConfiguration;
			buildSettings = {
				ALWAYS_SEARCH_USER_PATHS = NO;
				CLANG_ANALYZER_NONNULL = YES;
				CLANG_ANALYZER_NUMBER_OBJECT_CONVERSION = YES_AGGRESSIVE;
				CLANG_CXX_LANGUAGE_STANDARD = "gnu++14";
				CLANG_CXX_LIBRARY = "libc++";
				CLANG_ENABLE_MODULES = YES;
				CLANG_ENABLE_OBJC_ARC = YES;
				CLANG_ENABLE_OBJC_WEAK = YES;
				CLANG_WARN_BLOCK_CAPTURE_AUTORELEASING = YES;
				CLANG_WARN_BOOL_CONVERSION = YES;
				CLANG_WARN_COMMA = YES;
				CLANG_WARN_CONSTANT_CONVERSION = YES;
				CLANG_WARN_DEPRECATED_OBJC_IMPLEMENTATIONS = YES;
				CLANG_WARN_DIRECT_OBJC_ISA_USAGE = YES_ERROR;
				CLANG_WARN_DOCUMENTATION_COMMENTS = YES;
				CLANG_WARN_EMPTY_BODY = YES;
				CLANG_WARN_ENUM_CONVERSION = YES;
				CLANG_WARN_INFINITE_RECURSION = YES;
				CLANG_WARN_INT_CONVERSION = YES;
				CLANG_WARN_NON_LITERAL_NULL_CONVERSION = YES;
				CLANG_WARN_OBJC_IMPLICIT_RETAIN_SELF = YES;
				CLANG_WARN_OBJC_LITERAL_CONVERSION = YES;
				CLANG_WARN_OBJC_ROOT_CLASS = YES_ERROR;
				CLANG_WARN_RANGE_LOOP_ANALYSIS = YES;
				CLANG_WARN_STRICT_PROTOTYPES = YES;
				CLANG_WARN_SUSPICIOUS_MOVE = YES;
				CLANG_WARN_UNGUARDED_AVAILABILITY = YES_AGGRESSIVE;
				CLANG_WARN_UNREACHABLE_CODE = YES;
				CLANG_WARN__DUPLICATE_METHOD_MATCH = YES;
				COPY_PHASE_STRIP = NO;
				DEBUG_INFORMATION_FORMAT = dwarf;
				ENABLE_STRICT_OBJC_MSGSEND = YES;
				ENABLE_TESTABILITY = YES;
				GCC_C_LANGUAGE_STANDARD = gnu11;
				GCC_DYNAMIC_NO_PIC = NO;
				GCC_NO_COMMON_BLOCKS = YES;
				GCC_OPTIMIZATION_LEVEL = 0;
				GCC_PREPROCESSOR_DEFINITIONS = (
					"DEBUG=1",
					"$(inherited)",
				);
				GCC_WARN_64_TO_32_BIT_CONVERSION = YES;
				GCC_WARN_ABOUT_RETURN_TYPE = YES_ERROR;
				GCC_WARN_UNDECLARED_SELECTOR = YES;
				GCC_WARN_UNINITIALIZED_AUTOS = YES_AGGRESSIVE;
				GCC_WARN_UNUSED_FUNCTION = YES;
				GCC_WARN_UNUSED_VARIABLE = YES;
				IPHONEOS_DEPLOYMENT_TARGET = 13.2;
				MTL_ENABLE_DEBUG_INFO = INCLUDE_SOURCE;
				MTL_FAST_MATH = YES;
				ONLY_ACTIVE_ARCH = YES;
				SDKROOT = iphoneos;
				SWIFT_ACTIVE_COMPILATION_CONDITIONS = DEBUG;
				SWIFT_OPTIMIZATION_LEVEL = "-Onone";
			};
			name = Debug;
		};
		0EAB9DE123E9D33700B9010C /* Release */ = {
			isa = XCBuildConfiguration;
			buildSettings = {
				ALWAYS_SEARCH_USER_PATHS = NO;
				CLANG_ANALYZER_NONNULL = YES;
				CLANG_ANALYZER_NUMBER_OBJECT_CONVERSION = YES_AGGRESSIVE;
				CLANG_CXX_LANGUAGE_STANDARD = "gnu++14";
				CLANG_CXX_LIBRARY = "libc++";
				CLANG_ENABLE_MODULES = YES;
				CLANG_ENABLE_OBJC_ARC = YES;
				CLANG_ENABLE_OBJC_WEAK = YES;
				CLANG_WARN_BLOCK_CAPTURE_AUTORELEASING = YES;
				CLANG_WARN_BOOL_CONVERSION = YES;
				CLANG_WARN_COMMA = YES;
				CLANG_WARN_CONSTANT_CONVERSION = YES;
				CLANG_WARN_DEPRECATED_OBJC_IMPLEMENTATIONS = YES;
				CLANG_WARN_DIRECT_OBJC_ISA_USAGE = YES_ERROR;
				CLANG_WARN_DOCUMENTATION_COMMENTS = YES;
				CLANG_WARN_EMPTY_BODY = YES;
				CLANG_WARN_ENUM_CONVERSION = YES;
				CLANG_WARN_INFINITE_RECURSION = YES;
				CLANG_WARN_INT_CONVERSION = YES;
				CLANG_WARN_NON_LITERAL_NULL_CONVERSION = YES;
				CLANG_WARN_OBJC_IMPLICIT_RETAIN_SELF = YES;
				CLANG_WARN_OBJC_LITERAL_CONVERSION = YES;
				CLANG_WARN_OBJC_ROOT_CLASS = YES_ERROR;
				CLANG_WARN_RANGE_LOOP_ANALYSIS = YES;
				CLANG_WARN_STRICT_PROTOTYPES = YES;
				CLANG_WARN_SUSPICIOUS_MOVE = YES;
				CLANG_WARN_UNGUARDED_AVAILABILITY = YES_AGGRESSIVE;
				CLANG_WARN_UNREACHABLE_CODE = YES;
				CLANG_WARN__DUPLICATE_METHOD_MATCH = YES;
				COPY_PHASE_STRIP = NO;
				DEBUG_INFORMATION_FORMAT = "dwarf-with-dsym";
				ENABLE_NS_ASSERTIONS = NO;
				ENABLE_STRICT_OBJC_MSGSEND = YES;
				GCC_C_LANGUAGE_STANDARD = gnu11;
				GCC_NO_COMMON_BLOCKS = YES;
				GCC_WARN_64_TO_32_BIT_CONVERSION = YES;
				GCC_WARN_ABOUT_RETURN_TYPE = YES_ERROR;
				GCC_WARN_UNDECLARED_SELECTOR = YES;
				GCC_WARN_UNINITIALIZED_AUTOS = YES_AGGRESSIVE;
				GCC_WARN_UNUSED_FUNCTION = YES;
				GCC_WARN_UNUSED_VARIABLE = YES;
				IPHONEOS_DEPLOYMENT_TARGET = 13.2;
				MTL_ENABLE_DEBUG_INFO = NO;
				MTL_FAST_MATH = YES;
				SDKROOT = iphoneos;
				SWIFT_COMPILATION_MODE = wholemodule;
				SWIFT_OPTIMIZATION_LEVEL = "-O";
				VALIDATE_PRODUCT = YES;
			};
			name = Release;
		};
		0EAB9DE323E9D33700B9010C /* Debug */ = {
			isa = XCBuildConfiguration;
			buildSettings = {
				ASSETCATALOG_COMPILER_APPICON_NAME = AppIcon;
				CODE_SIGN_STYLE = Automatic;
				DEVELOPMENT_TEAM = 23RQHLD5WH;
				INFOPLIST_FILE = "Class Feb 4/Info.plist";
				LD_RUNPATH_SEARCH_PATHS = (
					"$(inherited)",
					"@executable_path/Frameworks",
				);
				PRODUCT_BUNDLE_IDENTIFIER = "Obi.Class-Feb-4";
				PRODUCT_NAME = "$(TARGET_NAME)";
				SWIFT_VERSION = 5.0;
				TARGETED_DEVICE_FAMILY = "1,2";
			};
			name = Debug;
		};
		0EAB9DE423E9D33700B9010C /* Release */ = {
			isa = XCBuildConfiguration;
			buildSettings = {
				ASSETCATALOG_COMPILER_APPICON_NAME = AppIcon;
				CODE_SIGN_STYLE = Automatic;
				DEVELOPMENT_TEAM = 23RQHLD5WH;
				INFOPLIST_FILE = "Class Feb 4/Info.plist";
				LD_RUNPATH_SEARCH_PATHS = (
					"$(inherited)",
					"@executable_path/Frameworks",
				);
				PRODUCT_BUNDLE_IDENTIFIER = "Obi.Class-Feb-4";
				PRODUCT_NAME = "$(TARGET_NAME)";
				SWIFT_VERSION = 5.0;
				TARGETED_DEVICE_FAMILY = "1,2";
			};
			name = Release;
		};
		0EAB9DE623E9D33700B9010C /* Debug */ = {
			isa = XCBuildConfiguration;
			buildSettings = {
				ALWAYS_EMBED_SWIFT_STANDARD_LIBRARIES = YES;
				BUNDLE_LOADER = "$(TEST_HOST)";
				CODE_SIGN_STYLE = Automatic;
				DEVELOPMENT_TEAM = 23RQHLD5WH;
				INFOPLIST_FILE = "Class Feb 4Tests/Info.plist";
				IPHONEOS_DEPLOYMENT_TARGET = 13.2;
				LD_RUNPATH_SEARCH_PATHS = (
					"$(inherited)",
					"@executable_path/Frameworks",
					"@loader_path/Frameworks",
				);
				PRODUCT_BUNDLE_IDENTIFIER = "Obi.Class-Feb-4Tests";
				PRODUCT_NAME = "$(TARGET_NAME)";
				SWIFT_VERSION = 5.0;
				TARGETED_DEVICE_FAMILY = "1,2";
				TEST_HOST = "$(BUILT_PRODUCTS_DIR)/Class Feb 4.app/Class Feb 4";
			};
			name = Debug;
		};
		0EAB9DE723E9D33700B9010C /* Release */ = {
			isa = XCBuildConfiguration;
			buildSettings = {
				ALWAYS_EMBED_SWIFT_STANDARD_LIBRARIES = YES;
				BUNDLE_LOADER = "$(TEST_HOST)";
				CODE_SIGN_STYLE = Automatic;
				DEVELOPMENT_TEAM = 23RQHLD5WH;
				INFOPLIST_FILE = "Class Feb 4Tests/Info.plist";
				IPHONEOS_DEPLOYMENT_TARGET = 13.2;
				LD_RUNPATH_SEARCH_PATHS = (
					"$(inherited)",
					"@executable_path/Frameworks",
					"@loader_path/Frameworks",
				);
				PRODUCT_BUNDLE_IDENTIFIER = "Obi.Class-Feb-4Tests";
				PRODUCT_NAME = "$(TARGET_NAME)";
				SWIFT_VERSION = 5.0;
				TARGETED_DEVICE_FAMILY = "1,2";
				TEST_HOST = "$(BUILT_PRODUCTS_DIR)/Class Feb 4.app/Class Feb 4";
			};
			name = Release;
		};
		0EAB9DE923E9D33700B9010C /* Debug */ = {
			isa = XCBuildConfiguration;
			buildSettings = {
				ALWAYS_EMBED_SWIFT_STANDARD_LIBRARIES = YES;
				CODE_SIGN_STYLE = Automatic;
				DEVELOPMENT_TEAM = 23RQHLD5WH;
				INFOPLIST_FILE = "Class Feb 4UITests/Info.plist";
				LD_RUNPATH_SEARCH_PATHS = (
					"$(inherited)",
					"@executable_path/Frameworks",
					"@loader_path/Frameworks",
				);
				PRODUCT_BUNDLE_IDENTIFIER = "Obi.Class-Feb-4UITests";
				PRODUCT_NAME = "$(TARGET_NAME)";
				SWIFT_VERSION = 5.0;
				TARGETED_DEVICE_FAMILY = "1,2";
				TEST_TARGET_NAME = "Class Feb 4";
			};
			name = Debug;
		};
		0EAB9DEA23E9D33700B9010C /* Release */ = {
			isa = XCBuildConfiguration;
			buildSettings = {
				ALWAYS_EMBED_SWIFT_STANDARD_LIBRARIES = YES;
				CODE_SIGN_STYLE = Automatic;
				DEVELOPMENT_TEAM = 23RQHLD5WH;
				INFOPLIST_FILE = "Class Feb 4UITests/Info.plist";
				LD_RUNPATH_SEARCH_PATHS = (
					"$(inherited)",
					"@executable_path/Frameworks",
					"@loader_path/Frameworks",
				);
				PRODUCT_BUNDLE_IDENTIFIER = "Obi.Class-Feb-4UITests";
				PRODUCT_NAME = "$(TARGET_NAME)";
				SWIFT_VERSION = 5.0;
				TARGETED_DEVICE_FAMILY = "1,2";
				TEST_TARGET_NAME = "Class Feb 4";
			};
			name = Release;
		};
/* End XCBuildConfiguration section */

/* Begin XCConfigurationList section */
		0EAB9DB323E9D33500B9010C /* Build configuration list for PBXProject "Class Feb 4" */ = {
			isa = XCConfigurationList;
			buildConfigurations = (
				0EAB9DE023E9D33700B9010C /* Debug */,
				0EAB9DE123E9D33700B9010C /* Release */,
			);
			defaultConfigurationIsVisible = 0;
			defaultConfigurationName = Release;
		};
		0EAB9DE223E9D33700B9010C /* Build configuration list for PBXNativeTarget "Class Feb 4" */ = {
			isa = XCConfigurationList;
			buildConfigurations = (
				0EAB9DE323E9D33700B9010C /* Debug */,
				0EAB9DE423E9D33700B9010C /* Release */,
			);
			defaultConfigurationIsVisible = 0;
			defaultConfigurationName = Release;
		};
		0EAB9DE523E9D33700B9010C /* Build configuration list for PBXNativeTarget "Class Feb 4Tests" */ = {
			isa = XCConfigurationList;
			buildConfigurations = (
				0EAB9DE623E9D33700B9010C /* Debug */,
				0EAB9DE723E9D33700B9010C /* Release */,
			);
			defaultConfigurationIsVisible = 0;
			defaultConfigurationName = Release;
		};
		0EAB9DE823E9D33700B9010C /* Build configuration list for PBXNativeTarget "Class Feb 4UITests" */ = {
			isa = XCConfigurationList;
			buildConfigurations = (
				0EAB9DE923E9D33700B9010C /* Debug */,
				0EAB9DEA23E9D33700B9010C /* Release */,
			);
			defaultConfigurationIsVisible = 0;
			defaultConfigurationName = Release;
		};
/* End XCConfigurationList section */
	};
	rootObject = 0EAB9DB023E9D33500B9010C /* Project object */;
}
